// !$*UTF8*$!
{
	archiveVersion = 1;
	classes = {
	};
	objectVersion = 77;
	objects = {

/* Begin PBXBuildFile section */
		59E9D6732DF460EF000D8879 /* FirebaseAI in Frameworks */ = {isa = PBXBuildFile; productRef = 59E9D6722DF460EF000D8879 /* FirebaseAI */; };
		59E9D6752DF460EF000D8879 /* FirebaseAnalytics in Frameworks */ = {isa = PBXBuildFile; productRef = 59E9D6742DF460EF000D8879 /* FirebaseAnalytics */; };
		59E9D6772DF460EF000D8879 /* FirebaseAnalyticsCore in Frameworks */ = {isa = PBXBuildFile; productRef = 59E9D6762DF460EF000D8879 /* FirebaseAnalyticsCore */; };
		59E9D6792DF460EF000D8879 /* FirebaseAnalyticsIdentitySupport in Frameworks */ = {isa = PBXBuildFile; productRef = 59E9D6782DF460EF000D8879 /* FirebaseAnalyticsIdentitySupport */; };
		59E9D67B2DF460EF000D8879 /* FirebaseAnalyticsOnDeviceConversion in Frameworks */ = {isa = PBXBuildFile; productRef = 59E9D67A2DF460EF000D8879 /* FirebaseAnalyticsOnDeviceConversion */; };
		59E9D6812DF4654B000D8879 /* FirebaseAuth in Frameworks */ = {isa = PBXBuildFile; productRef = 59E9D6802DF4654B000D8879 /* FirebaseAuth */; };
		59E9D6832DF4654B000D8879 /* FirebaseAuthCombine-Community in Frameworks */ = {isa = PBXBuildFile; productRef = 59E9D6822DF4654B000D8879 /* FirebaseAuthCombine-Community */; };
		59E9D6852DF4654B000D8879 /* FirebaseCore in Frameworks */ = {isa = PBXBuildFile; productRef = 59E9D6842DF4654B000D8879 /* FirebaseCore */; };
		59E9D6872DF4654B000D8879 /* FirebaseDatabase in Frameworks */ = {isa = PBXBuildFile; productRef = 59E9D6862DF4654B000D8879 /* FirebaseDatabase */; };
		59E9D6892DF4654B000D8879 /* FirebaseDynamicLinks in Frameworks */ = {isa = PBXBuildFile; productRef = 59E9D6882DF4654B000D8879 /* FirebaseDynamicLinks */; };
		59E9D68B2DF4654B000D8879 /* FirebaseFirestore in Frameworks */ = {isa = PBXBuildFile; productRef = 59E9D68A2DF4654B000D8879 /* FirebaseFirestore */; };
		59E9D68D2DF4654B000D8879 /* FirebaseFirestoreCombine-Community in Frameworks */ = {isa = PBXBuildFile; productRef = 59E9D68C2DF4654B000D8879 /* FirebaseFirestoreCombine-Community */; };
		59E9D68F2DF4654B000D8879 /* FirebaseFunctions in Frameworks */ = {isa = PBXBuildFile; productRef = 59E9D68E2DF4654B000D8879 /* FirebaseFunctions */; };
		59E9D6912DF4654B000D8879 /* FirebaseInstallations in Frameworks */ = {isa = PBXBuildFile; productRef = 59E9D6902DF4654B000D8879 /* FirebaseInstallations */; };
		59E9D6932DF4654B000D8879 /* FirebaseMessaging in Frameworks */ = {isa = PBXBuildFile; productRef = 59E9D6922DF4654B000D8879 /* FirebaseMessaging */; };
		59E9D6952DF4654B000D8879 /* FirebasePerformance in Frameworks */ = {isa = PBXBuildFile; productRef = 59E9D6942DF4654B000D8879 /* FirebasePerformance */; };
		59E9D6972DF4654B000D8879 /* FirebaseStorage in Frameworks */ = {isa = PBXBuildFile; productRef = 59E9D6962DF4654B000D8879 /* FirebaseStorage */; };
		59E9D6992DF4654B000D8879 /* FirebaseStorageCombine-Community in Frameworks */ = {isa = PBXBuildFile; productRef = 59E9D6982DF4654B000D8879 /* FirebaseStorageCombine-Community */; };
/* End PBXBuildFile section */

/* Begin PBXContainerItemProxy section */
		59E9D6522DF45E20000D8879 /* PBXContainerItemProxy */ = {
			isa = PBXContainerItemProxy;
			containerPortal = 59E9D6382DF45E1E000D8879 /* Project object */;
			proxyType = 1;
			remoteGlobalIDString = 59E9D63F2DF45E1E000D8879;
			remoteInfo = RideRate;
		};
		59E9D65C2DF45E20000D8879 /* PBXContainerItemProxy */ = {
			isa = PBXContainerItemProxy;
			containerPortal = 59E9D6382DF45E1E000D8879 /* Project object */;
			proxyType = 1;
			remoteGlobalIDString = 59E9D63F2DF45E1E000D8879;
			remoteInfo = RideRate;
		};
/* End PBXContainerItemProxy section */

/* Begin PBXFileReference section */
		59E9D6402DF45E1E000D8879 /* RideRate.app */ = {isa = PBXFileReference; explicitFileType = wrapper.application; includeInIndex = 0; path = RideRate.app; sourceTree = BUILT_PRODUCTS_DIR; };
		59E9D6512DF45E20000D8879 /* RideRateTests.xctest */ = {isa = PBXFileReference; explicitFileType = wrapper.cfbundle; includeInIndex = 0; path = RideRateTests.xctest; sourceTree = BUILT_PRODUCTS_DIR; };
		59E9D65B2DF45E20000D8879 /* RideRateUITests.xctest */ = {isa = PBXFileReference; explicitFileType = wrapper.cfbundle; includeInIndex = 0; path = RideRateUITests.xctest; sourceTree = BUILT_PRODUCTS_DIR; };
/* End PBXFileReference section */

/* Begin PBXFileSystemSynchronizedBuildFileExceptionSet section */
		59E9D6632DF45E20000D8879 /* Exceptions for "RideRate" folder in "RideRate" target */ = {
			isa = PBXFileSystemSynchronizedBuildFileExceptionSet;
			membershipExceptions = (
				Info.plist,
			);
			target = 59E9D63F2DF45E1E000D8879 /* RideRate */;
		};
/* End PBXFileSystemSynchronizedBuildFileExceptionSet section */

/* Begin PBXFileSystemSynchronizedRootGroup section */
		59E9D6422DF45E1E000D8879 /* RideRate */ = {
			isa = PBXFileSystemSynchronizedRootGroup;
			exceptions = (
				59E9D6632DF45E20000D8879 /* Exceptions for "RideRate" folder in "RideRate" target */,
			);
			path = RideRate;
			sourceTree = "<group>";
		};
		59E9D6542DF45E20000D8879 /* RideRateTests */ = {
			isa = PBXFileSystemSynchronizedRootGroup;
			path = RideRateTests;
			sourceTree = "<group>";
		};
		59E9D65E2DF45E20000D8879 /* RideRateUITests */ = {
			isa = PBXFileSystemSynchronizedRootGroup;
			path = RideRateUITests;
			sourceTree = "<group>";
		};
/* End PBXFileSystemSynchronizedRootGroup section */

/* Begin PBXFrameworksBuildPhase section */
		59E9D63D2DF45E1E000D8879 /* Frameworks */ = {
			isa = PBXFrameworksBuildPhase;
			buildActionMask = 2147483647;
			files = (
				59E9D6792DF460EF000D8879 /* FirebaseAnalyticsIdentitySupport in Frameworks */,
				59E9D6912DF4654B000D8879 /* FirebaseInstallations in Frameworks */,
				59E9D6812DF4654B000D8879 /* FirebaseAuth in Frameworks */,
				59E9D6752DF460EF000D8879 /* FirebaseAnalytics in Frameworks */,
				59E9D67B2DF460EF000D8879 /* FirebaseAnalyticsOnDeviceConversion in Frameworks */,
				59E9D6772DF460EF000D8879 /* FirebaseAnalyticsCore in Frameworks */,
				59E9D6952DF4654B000D8879 /* FirebasePerformance in Frameworks */,
				59E9D6832DF4654B000D8879 /* FirebaseAuthCombine-Community in Frameworks */,
				59E9D6872DF4654B000D8879 /* FirebaseDatabase in Frameworks */,
				59E9D6852DF4654B000D8879 /* FirebaseCore in Frameworks */,
				59E9D6732DF460EF000D8879 /* FirebaseAI in Frameworks */,
				59E9D68F2DF4654B000D8879 /* FirebaseFunctions in Frameworks */,
				59E9D6972DF4654B000D8879 /* FirebaseStorage in Frameworks */,
				59E9D68D2DF4654B000D8879 /* FirebaseFirestoreCombine-Community in Frameworks */,
				59E9D6932DF4654B000D8879 /* FirebaseMessaging in Frameworks */,
				59E9D68B2DF4654B000D8879 /* FirebaseFirestore in Frameworks */,
				59E9D6992DF4654B000D8879 /* FirebaseStorageCombine-Community in Frameworks */,
				59E9D6892DF4654B000D8879 /* FirebaseDynamicLinks in Frameworks */,
			);
			runOnlyForDeploymentPostprocessing = 0;
		};
		59E9D64E2DF45E20000D8879 /* Frameworks */ = {
			isa = PBXFrameworksBuildPhase;
			buildActionMask = 2147483647;
			files = (
			);
			runOnlyForDeploymentPostprocessing = 0;
		};
		59E9D6582DF45E20000D8879 /* Frameworks */ = {
			isa = PBXFrameworksBuildPhase;
			buildActionMask = 2147483647;
			files = (
			);
			runOnlyForDeploymentPostprocessing = 0;
		};
/* End PBXFrameworksBuildPhase section */

/* Begin PBXGroup section */
		59E9D6372DF45E1E000D8879 = {
			isa = PBXGroup;
			children = (
				59E9D6422DF45E1E000D8879 /* RideRate */,
				59E9D6542DF45E20000D8879 /* RideRateTests */,
				59E9D65E2DF45E20000D8879 /* RideRateUITests */,
				59E9D6412DF45E1E000D8879 /* Products */,
			);
			sourceTree = "<group>";
		};
		59E9D6412DF45E1E000D8879 /* Products */ = {
			isa = PBXGroup;
			children = (
				59E9D6402DF45E1E000D8879 /* RideRate.app */,
				59E9D6512DF45E20000D8879 /* RideRateTests.xctest */,
				59E9D65B2DF45E20000D8879 /* RideRateUITests.xctest */,
			);
			name = Products;
			sourceTree = "<group>";
		};
/* End PBXGroup section */

/* Begin PBXNativeTarget section */
		59E9D63F2DF45E1E000D8879 /* RideRate */ = {
			isa = PBXNativeTarget;
			buildConfigurationList = 59E9D6642DF45E20000D8879 /* Build configuration list for PBXNativeTarget "RideRate" */;
			buildPhases = (
				59E9D63C2DF45E1E000D8879 /* Sources */,
				59E9D63D2DF45E1E000D8879 /* Frameworks */,
				59E9D63E2DF45E1E000D8879 /* Resources */,
			);
			buildRules = (
			);
			dependencies = (
			);
			fileSystemSynchronizedGroups = (
				59E9D6422DF45E1E000D8879 /* RideRate */,
			);
			name = RideRate;
			packageProductDependencies = (
				59E9D6722DF460EF000D8879 /* FirebaseAI */,
				59E9D6742DF460EF000D8879 /* FirebaseAnalytics */,
				59E9D6762DF460EF000D8879 /* FirebaseAnalyticsCore */,
				59E9D6782DF460EF000D8879 /* FirebaseAnalyticsIdentitySupport */,
				59E9D67A2DF460EF000D8879 /* FirebaseAnalyticsOnDeviceConversion */,
				59E9D6802DF4654B000D8879 /* FirebaseAuth */,
				59E9D6822DF4654B000D8879 /* FirebaseAuthCombine-Community */,
				59E9D6842DF4654B000D8879 /* FirebaseCore */,
				59E9D6862DF4654B000D8879 /* FirebaseDatabase */,
				59E9D6882DF4654B000D8879 /* FirebaseDynamicLinks */,
				59E9D68A2DF4654B000D8879 /* FirebaseFirestore */,
				59E9D68C2DF4654B000D8879 /* FirebaseFirestoreCombine-Community */,
				59E9D68E2DF4654B000D8879 /* FirebaseFunctions */,
				59E9D6902DF4654B000D8879 /* FirebaseInstallations */,
				59E9D6922DF4654B000D8879 /* FirebaseMessaging */,
				59E9D6942DF4654B000D8879 /* FirebasePerformance */,
				59E9D6962DF4654B000D8879 /* FirebaseStorage */,
				59E9D6982DF4654B000D8879 /* FirebaseStorageCombine-Community */,
			);
			productName = RideRate;
			productReference = 59E9D6402DF45E1E000D8879 /* RideRate.app */;
			productType = "com.apple.product-type.application";
		};
		59E9D6502DF45E20000D8879 /* RideRateTests */ = {
			isa = PBXNativeTarget;
			buildConfigurationList = 59E9D6692DF45E20000D8879 /* Build configuration list for PBXNativeTarget "RideRateTests" */;
			buildPhases = (
				59E9D64D2DF45E20000D8879 /* Sources */,
				59E9D64E2DF45E20000D8879 /* Frameworks */,
				59E9D64F2DF45E20000D8879 /* Resources */,
			);
			buildRules = (
			);
			dependencies = (
				59E9D6532DF45E20000D8879 /* PBXTargetDependency */,
			);
			fileSystemSynchronizedGroups = (
				59E9D6542DF45E20000D8879 /* RideRateTests */,
			);
			name = RideRateTests;
			packageProductDependencies = (
			);
			productName = RideRateTests;
			productReference = 59E9D6512DF45E20000D8879 /* RideRateTests.xctest */;
			productType = "com.apple.product-type.bundle.unit-test";
		};
		59E9D65A2DF45E20000D8879 /* RideRateUITests */ = {
			isa = PBXNativeTarget;
			buildConfigurationList = 59E9D66C2DF45E20000D8879 /* Build configuration list for PBXNativeTarget "RideRateUITests" */;
			buildPhases = (
				59E9D6572DF45E20000D8879 /* Sources */,
				59E9D6582DF45E20000D8879 /* Frameworks */,
				59E9D6592DF45E20000D8879 /* Resources */,
			);
			buildRules = (
			);
			dependencies = (
				59E9D65D2DF45E20000D8879 /* PBXTargetDependency */,
			);
			fileSystemSynchronizedGroups = (
				59E9D65E2DF45E20000D8879 /* RideRateUITests */,
			);
			name = RideRateUITests;
			packageProductDependencies = (
			);
			productName = RideRateUITests;
			productReference = 59E9D65B2DF45E20000D8879 /* RideRateUITests.xctest */;
			productType = "com.apple.product-type.bundle.ui-testing";
		};
/* End PBXNativeTarget section */

/* Begin PBXProject section */
		59E9D6382DF45E1E000D8879 /* Project object */ = {
			isa = PBXProject;
			attributes = {
				BuildIndependentTargetsInParallel = 1;
				LastSwiftUpdateCheck = 1640;
				LastUpgradeCheck = 2600;
				TargetAttributes = {
					59E9D63F2DF45E1E000D8879 = {
						CreatedOnToolsVersion = 16.4;
					};
					59E9D6502DF45E20000D8879 = {
						CreatedOnToolsVersion = 16.4;
						TestTargetID = 59E9D63F2DF45E1E000D8879;
					};
					59E9D65A2DF45E20000D8879 = {
						CreatedOnToolsVersion = 16.4;
						TestTargetID = 59E9D63F2DF45E1E000D8879;
					};
				};
			};
			buildConfigurationList = 59E9D63B2DF45E1E000D8879 /* Build configuration list for PBXProject "RideRate" */;
			developmentRegion = en;
			hasScannedForEncodings = 0;
			knownRegions = (
				en,
				Base,
			);
			mainGroup = 59E9D6372DF45E1E000D8879;
			minimizedProjectReferenceProxies = 1;
			packageReferences = (
				59E9D6712DF460EF000D8879 /* XCRemoteSwiftPackageReference "firebase-ios-sdk" */,
			);
			preferredProjectObjectVersion = 77;
			productRefGroup = 59E9D6412DF45E1E000D8879 /* Products */;
			projectDirPath = "";
			projectRoot = "";
			targets = (
				59E9D63F2DF45E1E000D8879 /* RideRate */,
				59E9D6502DF45E20000D8879 /* RideRateTests */,
				59E9D65A2DF45E20000D8879 /* RideRateUITests */,
			);
		};
/* End PBXProject section */

/* Begin PBXResourcesBuildPhase section */
		59E9D63E2DF45E1E000D8879 /* Resources */ = {
			isa = PBXResourcesBuildPhase;
			buildActionMask = 2147483647;
			files = (
			);
			runOnlyForDeploymentPostprocessing = 0;
		};
		59E9D64F2DF45E20000D8879 /* Resources */ = {
			isa = PBXResourcesBuildPhase;
			buildActionMask = 2147483647;
			files = (
			);
			runOnlyForDeploymentPostprocessing = 0;
		};
		59E9D6592DF45E20000D8879 /* Resources */ = {
			isa = PBXResourcesBuildPhase;
			buildActionMask = 2147483647;
			files = (
			);
			runOnlyForDeploymentPostprocessing = 0;
		};
/* End PBXResourcesBuildPhase section */

/* Begin PBXSourcesBuildPhase section */
		59E9D63C2DF45E1E000D8879 /* Sources */ = {
			isa = PBXSourcesBuildPhase;
			buildActionMask = 2147483647;
			files = (
			);
			runOnlyForDeploymentPostprocessing = 0;
		};
		59E9D64D2DF45E20000D8879 /* Sources */ = {
			isa = PBXSourcesBuildPhase;
			buildActionMask = 2147483647;
			files = (
			);
			runOnlyForDeploymentPostprocessing = 0;
		};
		59E9D6572DF45E20000D8879 /* Sources */ = {
			isa = PBXSourcesBuildPhase;
			buildActionMask = 2147483647;
			files = (
			);
			runOnlyForDeploymentPostprocessing = 0;
		};
/* End PBXSourcesBuildPhase section */

/* Begin PBXTargetDependency section */
		59E9D6532DF45E20000D8879 /* PBXTargetDependency */ = {
			isa = PBXTargetDependency;
			target = 59E9D63F2DF45E1E000D8879 /* RideRate */;
			targetProxy = 59E9D6522DF45E20000D8879 /* PBXContainerItemProxy */;
		};
		59E9D65D2DF45E20000D8879 /* PBXTargetDependency */ = {
			isa = PBXTargetDependency;
			target = 59E9D63F2DF45E1E000D8879 /* RideRate */;
			targetProxy = 59E9D65C2DF45E20000D8879 /* PBXContainerItemProxy */;
		};
/* End PBXTargetDependency section */

/* Begin XCBuildConfiguration section */
		59E9D6652DF45E20000D8879 /* Debug */ = {
			isa = XCBuildConfiguration;
			buildSettings = {
				ASSETCATALOG_COMPILER_APPICON_NAME = AppIcon;
				ASSETCATALOG_COMPILER_GLOBAL_ACCENT_COLOR_NAME = AccentColor;
				CODE_SIGN_ENTITLEMENTS = RideRate/RideRate.entitlements;
				CODE_SIGN_STYLE = Automatic;
				CURRENT_PROJECT_VERSION = 1;
				DEVELOPMENT_TEAM = A22X7HR8RY;
				ENABLE_APP_SANDBOX = YES;
				ENABLE_PREVIEWS = YES;
				ENABLE_USER_SELECTED_FILES = readonly;
				GENERATE_INFOPLIST_FILE = YES;
				INFOPLIST_FILE = RideRate/Info.plist;
				INFOPLIST_KEY_LSApplicationCategoryType = "public.app-category.travel";
				INFOPLIST_KEY_UIApplicationSceneManifest_Generation = YES;
				INFOPLIST_KEY_UIApplicationSupportsIndirectInputEvents = YES;
				INFOPLIST_KEY_UILaunchScreen_Generation = YES;
				INFOPLIST_KEY_UISupportedInterfaceOrientations_iPad = "UIInterfaceOrientationPortrait UIInterfaceOrientationPortraitUpsideDown UIInterfaceOrientationLandscapeLeft UIInterfaceOrientationLandscapeRight";
				INFOPLIST_KEY_UISupportedInterfaceOrientations_iPhone = "UIInterfaceOrientationPortrait UIInterfaceOrientationLandscapeLeft UIInterfaceOrientationLandscapeRight";
				LD_RUNPATH_SEARCH_PATHS = (
					"$(inherited)",
					"@executable_path/Frameworks",
				);
				MARKETING_VERSION = 1.0;
				PRODUCT_BUNDLE_IDENTIFIER = com.matusz.RideRate;
				PRODUCT_NAME = "$(TARGET_NAME)";
				SWIFT_EMIT_LOC_STRINGS = YES;
				SWIFT_VERSION = 5.0;
				TARGETED_DEVICE_FAMILY = "1,2";
			};
			name = Debug;
		};
		59E9D6662DF45E20000D8879 /* Release */ = {
			isa = XCBuildConfiguration;
			buildSettings = {
				ASSETCATALOG_COMPILER_APPICON_NAME = AppIcon;
				ASSETCATALOG_COMPILER_GLOBAL_ACCENT_COLOR_NAME = AccentColor;
				CODE_SIGN_ENTITLEMENTS = RideRate/RideRate.entitlements;
				CODE_SIGN_STYLE = Automatic;
				CURRENT_PROJECT_VERSION = 1;
				DEVELOPMENT_TEAM = A22X7HR8RY;
				ENABLE_APP_SANDBOX = YES;
				ENABLE_PREVIEWS = YES;
				ENABLE_USER_SELECTED_FILES = readonly;
				GENERATE_INFOPLIST_FILE = YES;
				INFOPLIST_FILE = RideRate/Info.plist;
				INFOPLIST_KEY_LSApplicationCategoryType = "public.app-category.travel";
				INFOPLIST_KEY_UIApplicationSceneManifest_Generation = YES;
				INFOPLIST_KEY_UIApplicationSupportsIndirectInputEvents = YES;
				INFOPLIST_KEY_UILaunchScreen_Generation = YES;
				INFOPLIST_KEY_UISupportedInterfaceOrientations_iPad = "UIInterfaceOrientationPortrait UIInterfaceOrientationPortraitUpsideDown UIInterfaceOrientationLandscapeLeft UIInterfaceOrientationLandscapeRight";
				INFOPLIST_KEY_UISupportedInterfaceOrientations_iPhone = "UIInterfaceOrientationPortrait UIInterfaceOrientationLandscapeLeft UIInterfaceOrientationLandscapeRight";
				LD_RUNPATH_SEARCH_PATHS = (
					"$(inherited)",
					"@executable_path/Frameworks",
				);
				MARKETING_VERSION = 1.0;
				PRODUCT_BUNDLE_IDENTIFIER = com.matusz.RideRate;
				PRODUCT_NAME = "$(TARGET_NAME)";
				SWIFT_EMIT_LOC_STRINGS = YES;
				SWIFT_VERSION = 5.0;
				TARGETED_DEVICE_FAMILY = "1,2";
			};
			name = Release;
		};
		59E9D6672DF45E20000D8879 /* Debug */ = {
			isa = XCBuildConfiguration;
			buildSettings = {
				ALWAYS_SEARCH_USER_PATHS = NO;
				ASSETCATALOG_COMPILER_GENERATE_SWIFT_ASSET_SYMBOL_EXTENSIONS = YES;
				CLANG_ANALYZER_NONNULL = YES;
				CLANG_ANALYZER_NUMBER_OBJECT_CONVERSION = YES_AGGRESSIVE;
				CLANG_CXX_LANGUAGE_STANDARD = "gnu++20";
				CLANG_ENABLE_MODULES = YES;
				CLANG_ENABLE_OBJC_ARC = YES;
				CLANG_ENABLE_OBJC_WEAK = YES;
				CLANG_WARN_BLOCK_CAPTURE_AUTORELEASING = YES;
				CLANG_WARN_BOOL_CONVERSION = YES;
				CLANG_WARN_COMMA = YES;
				CLANG_WARN_CONSTANT_CONVERSION = YES;
				CLANG_WARN_DEPRECATED_OBJC_IMPLEMENTATIONS = YES;
				CLANG_WARN_DIRECT_OBJC_ISA_USAGE = YES_ERROR;
				CLANG_WARN_DOCUMENTATION_COMMENTS = YES;
				CLANG_WARN_EMPTY_BODY = YES;
				CLANG_WARN_ENUM_CONVERSION = YES;
				CLANG_WARN_INFINITE_RECURSION = YES;
				CLANG_WARN_INT_CONVERSION = YES;
				CLANG_WARN_NON_LITERAL_NULL_CONVERSION = YES;
				CLANG_WARN_OBJC_IMPLICIT_RETAIN_SELF = YES;
				CLANG_WARN_OBJC_LITERAL_CONVERSION = YES;
				CLANG_WARN_OBJC_ROOT_CLASS = YES_ERROR;
				CLANG_WARN_QUOTED_INCLUDE_IN_FRAMEWORK_HEADER = YES;
				CLANG_WARN_RANGE_LOOP_ANALYSIS = YES;
				CLANG_WARN_STRICT_PROTOTYPES = YES;
				CLANG_WARN_SUSPICIOUS_MOVE = YES;
				CLANG_WARN_UNGUARDED_AVAILABILITY = YES_AGGRESSIVE;
				CLANG_WARN_UNREACHABLE_CODE = YES;
				CLANG_WARN__DUPLICATE_METHOD_MATCH = YES;
				COPY_PHASE_STRIP = NO;
				DEBUG_INFORMATION_FORMAT = dwarf;
				DEVELOPMENT_TEAM = A22X7HR8RY;
				ENABLE_STRICT_OBJC_MSGSEND = YES;
				ENABLE_TESTABILITY = YES;
				ENABLE_USER_SCRIPT_SANDBOXING = YES;
				GCC_C_LANGUAGE_STANDARD = gnu17;
				GCC_DYNAMIC_NO_PIC = NO;
				GCC_NO_COMMON_BLOCKS = YES;
				GCC_OPTIMIZATION_LEVEL = 0;
				GCC_PREPROCESSOR_DEFINITIONS = (
					"DEBUG=1",
					"$(inherited)",
				);
				GCC_WARN_64_TO_32_BIT_CONVERSION = YES;
				GCC_WARN_ABOUT_RETURN_TYPE = YES_ERROR;
				GCC_WARN_UNDECLARED_SELECTOR = YES;
				GCC_WARN_UNINITIALIZED_AUTOS = YES_AGGRESSIVE;
				GCC_WARN_UNUSED_FUNCTION = YES;
				GCC_WARN_UNUSED_VARIABLE = YES;
				IPHONEOS_DEPLOYMENT_TARGET = 18.5;
				LOCALIZATION_PREFERS_STRING_CATALOGS = YES;
				MTL_ENABLE_DEBUG_INFO = INCLUDE_SOURCE;
				MTL_FAST_MATH = YES;
				ONLY_ACTIVE_ARCH = YES;
				SDKROOT = iphoneos;
				STRING_CATALOG_GENERATE_SYMBOLS = YES;
				SWIFT_ACTIVE_COMPILATION_CONDITIONS = "DEBUG $(inherited)";
				SWIFT_OPTIMIZATION_LEVEL = "-Onone";
			};
			name = Debug;
		};
		59E9D6682DF45E20000D8879 /* Release */ = {
			isa = XCBuildConfiguration;
			buildSettings = {
				ALWAYS_SEARCH_USER_PATHS = NO;
				ASSETCATALOG_COMPILER_GENERATE_SWIFT_ASSET_SYMBOL_EXTENSIONS = YES;
				CLANG_ANALYZER_NONNULL = YES;
				CLANG_ANALYZER_NUMBER_OBJECT_CONVERSION = YES_AGGRESSIVE;
				CLANG_CXX_LANGUAGE_STANDARD = "gnu++20";
				CLANG_ENABLE_MODULES = YES;
				CLANG_ENABLE_OBJC_ARC = YES;
				CLANG_ENABLE_OBJC_WEAK = YES;
				CLANG_WARN_BLOCK_CAPTURE_AUTORELEASING = YES;
				CLANG_WARN_BOOL_CONVERSION = YES;
				CLANG_WARN_COMMA = YES;
				CLANG_WARN_CONSTANT_CONVERSION = YES;
				CLANG_WARN_DEPRECATED_OBJC_IMPLEMENTATIONS = YES;
				CLANG_WARN_DIRECT_OBJC_ISA_USAGE = YES_ERROR;
				CLANG_WARN_DOCUMENTATION_COMMENTS = YES;
				CLANG_WARN_EMPTY_BODY = YES;
				CLANG_WARN_ENUM_CONVERSION = YES;
				CLANG_WARN_INFINITE_RECURSION = YES;
				CLANG_WARN_INT_CONVERSION = YES;
				CLANG_WARN_NON_LITERAL_NULL_CONVERSION = YES;
				CLANG_WARN_OBJC_IMPLICIT_RETAIN_SELF = YES;
				CLANG_WARN_OBJC_LITERAL_CONVERSION = YES;
				CLANG_WARN_OBJC_ROOT_CLASS = YES_ERROR;
				CLANG_WARN_QUOTED_INCLUDE_IN_FRAMEWORK_HEADER = YES;
				CLANG_WARN_RANGE_LOOP_ANALYSIS = YES;
				CLANG_WARN_STRICT_PROTOTYPES = YES;
				CLANG_WARN_SUSPICIOUS_MOVE = YES;
				CLANG_WARN_UNGUARDED_AVAILABILITY = YES_AGGRESSIVE;
				CLANG_WARN_UNREACHABLE_CODE = YES;
				CLANG_WARN__DUPLICATE_METHOD_MATCH = YES;
				COPY_PHASE_STRIP = NO;
				DEBUG_INFORMATION_FORMAT = "dwarf-with-dsym";
				DEVELOPMENT_TEAM = A22X7HR8RY;
				ENABLE_NS_ASSERTIONS = NO;
				ENABLE_STRICT_OBJC_MSGSEND = YES;
				ENABLE_USER_SCRIPT_SANDBOXING = YES;
				GCC_C_LANGUAGE_STANDARD = gnu17;
				GCC_NO_COMMON_BLOCKS = YES;
				GCC_WARN_64_TO_32_BIT_CONVERSION = YES;
				GCC_WARN_ABOUT_RETURN_TYPE = YES_ERROR;
				GCC_WARN_UNDECLARED_SELECTOR = YES;
				GCC_WARN_UNINITIALIZED_AUTOS = YES_AGGRESSIVE;
				GCC_WARN_UNUSED_FUNCTION = YES;
				GCC_WARN_UNUSED_VARIABLE = YES;
				IPHONEOS_DEPLOYMENT_TARGET = 18.5;
				LOCALIZATION_PREFERS_STRING_CATALOGS = YES;
				MTL_ENABLE_DEBUG_INFO = NO;
				MTL_FAST_MATH = YES;
				SDKROOT = iphoneos;
				STRING_CATALOG_GENERATE_SYMBOLS = YES;
				SWIFT_COMPILATION_MODE = wholemodule;
				VALIDATE_PRODUCT = YES;
			};
			name = Release;
		};
		59E9D66A2DF45E20000D8879 /* Debug */ = {
			isa = XCBuildConfiguration;
			buildSettings = {
				BUNDLE_LOADER = "$(TEST_HOST)";
				CODE_SIGN_STYLE = Automatic;
				CURRENT_PROJECT_VERSION = 1;
				DEVELOPMENT_TEAM = A22X7HR8RY;
				GENERATE_INFOPLIST_FILE = YES;
				IPHONEOS_DEPLOYMENT_TARGET = 18.5;
				MARKETING_VERSION = 1.0;
				PRODUCT_BUNDLE_IDENTIFIER = com.matusz.RideRateTests;
				PRODUCT_NAME = "$(TARGET_NAME)";
				SWIFT_EMIT_LOC_STRINGS = NO;
				SWIFT_VERSION = 5.0;
				TARGETED_DEVICE_FAMILY = "1,2";
				TEST_HOST = "$(BUILT_PRODUCTS_DIR)/RideRate.app/$(BUNDLE_EXECUTABLE_FOLDER_PATH)/RideRate";
			};
			name = Debug;
		};
		59E9D66B2DF45E20000D8879 /* Release */ = {
			isa = XCBuildConfiguration;
			buildSettings = {
				BUNDLE_LOADER = "$(TEST_HOST)";
				CODE_SIGN_STYLE = Automatic;
				CURRENT_PROJECT_VERSION = 1;
				DEVELOPMENT_TEAM = A22X7HR8RY;
				GENERATE_INFOPLIST_FILE = YES;
				IPHONEOS_DEPLOYMENT_TARGET = 18.5;
				MARKETING_VERSION = 1.0;
				PRODUCT_BUNDLE_IDENTIFIER = com.matusz.RideRateTests;
				PRODUCT_NAME = "$(TARGET_NAME)";
				SWIFT_EMIT_LOC_STRINGS = NO;
				SWIFT_VERSION = 5.0;
				TARGETED_DEVICE_FAMILY = "1,2";
				TEST_HOST = "$(BUILT_PRODUCTS_DIR)/RideRate.app/$(BUNDLE_EXECUTABLE_FOLDER_PATH)/RideRate";
			};
			name = Release;
		};
		59E9D66D2DF45E20000D8879 /* Debug */ = {
			isa = XCBuildConfiguration;
			buildSettings = {
				CODE_SIGN_STYLE = Automatic;
				CURRENT_PROJECT_VERSION = 1;
				DEVELOPMENT_TEAM = A22X7HR8RY;
				GENERATE_INFOPLIST_FILE = YES;
				MARKETING_VERSION = 1.0;
				PRODUCT_BUNDLE_IDENTIFIER = com.matusz.RideRateUITests;
				PRODUCT_NAME = "$(TARGET_NAME)";
				SWIFT_EMIT_LOC_STRINGS = NO;
				SWIFT_VERSION = 5.0;
				TARGETED_DEVICE_FAMILY = "1,2";
				TEST_TARGET_NAME = RideRate;
			};
			name = Debug;
		};
		59E9D66E2DF45E20000D8879 /* Release */ = {
			isa = XCBuildConfiguration;
			buildSettings = {
				CODE_SIGN_STYLE = Automatic;
				CURRENT_PROJECT_VERSION = 1;
				DEVELOPMENT_TEAM = A22X7HR8RY;
				GENERATE_INFOPLIST_FILE = YES;
				MARKETING_VERSION = 1.0;
				PRODUCT_BUNDLE_IDENTIFIER = com.matusz.RideRateUITests;
				PRODUCT_NAME = "$(TARGET_NAME)";
				SWIFT_EMIT_LOC_STRINGS = NO;
				SWIFT_VERSION = 5.0;
				TARGETED_DEVICE_FAMILY = "1,2";
				TEST_TARGET_NAME = RideRate;
			};
			name = Release;
		};
/* End XCBuildConfiguration section */

/* Begin XCConfigurationList section */
		59E9D63B2DF45E1E000D8879 /* Build configuration list for PBXProject "RideRate" */ = {
			isa = XCConfigurationList;
			buildConfigurations = (
				59E9D6672DF45E20000D8879 /* Debug */,
				59E9D6682DF45E20000D8879 /* Release */,
			);
			defaultConfigurationIsVisible = 0;
			defaultConfigurationName = Release;
		};
		59E9D6642DF45E20000D8879 /* Build configuration list for PBXNativeTarget "RideRate" */ = {
			isa = XCConfigurationList;
			buildConfigurations = (
				59E9D6652DF45E20000D8879 /* Debug */,
				59E9D6662DF45E20000D8879 /* Release */,
			);
			defaultConfigurationIsVisible = 0;
			defaultConfigurationName = Release;
		};
		59E9D6692DF45E20000D8879 /* Build configuration list for PBXNativeTarget "RideRateTests" */ = {
			isa = XCConfigurationList;
			buildConfigurations = (
				59E9D66A2DF45E20000D8879 /* Debug */,
				59E9D66B2DF45E20000D8879 /* Release */,
			);
			defaultConfigurationIsVisible = 0;
			defaultConfigurationName = Release;
		};
		59E9D66C2DF45E20000D8879 /* Build configuration list for PBXNativeTarget "RideRateUITests" */ = {
			isa = XCConfigurationList;
			buildConfigurations = (
				59E9D66D2DF45E20000D8879 /* Debug */,
				59E9D66E2DF45E20000D8879 /* Release */,
			);
			defaultConfigurationIsVisible = 0;
			defaultConfigurationName = Release;
		};
/* End XCConfigurationList section */

/* Begin XCRemoteSwiftPackageReference section */
		59E9D6712DF460EF000D8879 /* XCRemoteSwiftPackageReference "firebase-ios-sdk" */ = {
			isa = XCRemoteSwiftPackageReference;
			repositoryURL = "https://github.com/firebase/firebase-ios-sdk";
			requirement = {
				kind = upToNextMajorVersion;
				minimumVersion = 11.14.0;
			};
		};
/* End XCRemoteSwiftPackageReference section */

/* Begin XCSwiftPackageProductDependency section */
		59E9D6722DF460EF000D8879 /* FirebaseAI */ = {
			isa = XCSwiftPackageProductDependency;
			package = 59E9D6712DF460EF000D8879 /* XCRemoteSwiftPackageReference "firebase-ios-sdk" */;
			productName = FirebaseAI;
		};
		59E9D6742DF460EF000D8879 /* FirebaseAnalytics */ = {
			isa = XCSwiftPackageProductDependency;
			package = 59E9D6712DF460EF000D8879 /* XCRemoteSwiftPackageReference "firebase-ios-sdk" */;
			productName = FirebaseAnalytics;
		};
		59E9D6762DF460EF000D8879 /* FirebaseAnalyticsCore */ = {
			isa = XCSwiftPackageProductDependency;
			package = 59E9D6712DF460EF000D8879 /* XCRemoteSwiftPackageReference "firebase-ios-sdk" */;
			productName = FirebaseAnalyticsCore;
		};
		59E9D6782DF460EF000D8879 /* FirebaseAnalyticsIdentitySupport */ = {
			isa = XCSwiftPackageProductDependency;
			package = 59E9D6712DF460EF000D8879 /* XCRemoteSwiftPackageReference "firebase-ios-sdk" */;
			productName = FirebaseAnalyticsIdentitySupport;
		};
		59E9D67A2DF460EF000D8879 /* FirebaseAnalyticsOnDeviceConversion */ = {
			isa = XCSwiftPackageProductDependency;
			package = 59E9D6712DF460EF000D8879 /* XCRemoteSwiftPackageReference "firebase-ios-sdk" */;
			productName = FirebaseAnalyticsOnDeviceConversion;
		};
		59E9D6802DF4654B000D8879 /* FirebaseAuth */ = {
			isa = XCSwiftPackageProductDependency;
			package = 59E9D6712DF460EF000D8879 /* XCRemoteSwiftPackageReference "firebase-ios-sdk" */;
			productName = FirebaseAuth;
		};
		59E9D6822DF4654B000D8879 /* FirebaseAuthCombine-Community */ = {
			isa = XCSwiftPackageProductDependency;
			package = 59E9D6712DF460EF000D8879 /* XCRemoteSwiftPackageReference "firebase-ios-sdk" */;
			productName = "FirebaseAuthCombine-Community";
		};
		59E9D6842DF4654B000D8879 /* FirebaseCore */ = {
			isa = XCSwiftPackageProductDependency;
			package = 59E9D6712DF460EF000D8879 /* XCRemoteSwiftPackageReference "firebase-ios-sdk" */;
			productName = FirebaseCore;
		};
		59E9D6862DF4654B000D8879 /* FirebaseDatabase */ = {
			isa = XCSwiftPackageProductDependency;
			package = 59E9D6712DF460EF000D8879 /* XCRemoteSwiftPackageReference "firebase-ios-sdk" */;
			productName = FirebaseDatabase;
		};
		59E9D6882DF4654B000D8879 /* FirebaseDynamicLinks */ = {
			isa = XCSwiftPackageProductDependency;
			package = 59E9D6712DF460EF000D8879 /* XCRemoteSwiftPackageReference "firebase-ios-sdk" */;
			productName = FirebaseDynamicLinks;
		};
		59E9D68A2DF4654B000D8879 /* FirebaseFirestore */ = {
			isa = XCSwiftPackageProductDependency;
			package = 59E9D6712DF460EF000D8879 /* XCRemoteSwiftPackageReference "firebase-ios-sdk" */;
			productName = FirebaseFirestore;
		};
		59E9D68C2DF4654B000D8879 /* FirebaseFirestoreCombine-Community */ = {
			isa = XCSwiftPackageProductDependency;
			package = 59E9D6712DF460EF000D8879 /* XCRemoteSwiftPackageReference "firebase-ios-sdk" */;
			productName = "FirebaseFirestoreCombine-Community";
		};
		59E9D68E2DF4654B000D8879 /* FirebaseFunctions */ = {
			isa = XCSwiftPackageProductDependency;
			package = 59E9D6712DF460EF000D8879 /* XCRemoteSwiftPackageReference "firebase-ios-sdk" */;
			productName = FirebaseFunctions;
		};
		59E9D6902DF4654B000D8879 /* FirebaseInstallations */ = {
			isa = XCSwiftPackageProductDependency;
			package = 59E9D6712DF460EF000D8879 /* XCRemoteSwiftPackageReference "firebase-ios-sdk" */;
			productName = FirebaseInstallations;
		};
		59E9D6922DF4654B000D8879 /* FirebaseMessaging */ = {
			isa = XCSwiftPackageProductDependency;
			package = 59E9D6712DF460EF000D8879 /* XCRemoteSwiftPackageReference "firebase-ios-sdk" */;
			productName = FirebaseMessaging;
		};
		59E9D6942DF4654B000D8879 /* FirebasePerformance */ = {
			isa = XCSwiftPackageProductDependency;
			package = 59E9D6712DF460EF000D8879 /* XCRemoteSwiftPackageReference "firebase-ios-sdk" */;
			productName = FirebasePerformance;
		};
		59E9D6962DF4654B000D8879 /* FirebaseStorage */ = {
			isa = XCSwiftPackageProductDependency;
			package = 59E9D6712DF460EF000D8879 /* XCRemoteSwiftPackageReference "firebase-ios-sdk" */;
			productName = FirebaseStorage;
		};
		59E9D6982DF4654B000D8879 /* FirebaseStorageCombine-Community */ = {
			isa = XCSwiftPackageProductDependency;
			package = 59E9D6712DF460EF000D8879 /* XCRemoteSwiftPackageReference "firebase-ios-sdk" */;
			productName = "FirebaseStorageCombine-Community";
		};
/* End XCSwiftPackageProductDependency section */
	};
	rootObject = 59E9D6382DF45E1E000D8879 /* Project object */;
}
